
Microsoft Visual Studio Solution File, Format Version 12.00
# Visual Studio 14
VisualStudioVersion = 14.0.23107.0
MinimumVisualStudioVersion = 10.0.40219.1
Project("{8BC9CEB8-8B4A-11D0-8D11-00A0C91BC942}") = "CryptoLib", "CryptoLib\CryptoLib.vcxproj", "{843AAE2D-4E53-45C6-9BDF-3C49135D7180}"
EndProject
Project("{8BC9CEB8-8B4A-11D0-8D11-00A0C91BC942}") = "Check", "Check\Check.vcxproj", "{274AFA4E-A487-43E0-9E65-0BAC01742E9D}"
EndProject
Global
	GlobalSection(SolutionConfigurationPlatforms) = preSolution
		Debug|x64 = Debug|x64
		Debug|x86 = Debug|x86
		Release|x64 = Release|x64
		Release|x86 = Release|x86
	EndGlobalSection
	GlobalSection(ProjectConfigurationPlatforms) = postSolution
		{843AAE2D-4E53-45C6-9BDF-3C49135D7180}.Debug|x64.ActiveCfg = Debug|x64
		{843AAE2D-4E53-45C6-9BDF-3C49135D7180}.Debug|x64.Build.0 = Debug|x64
		{843AAE2D-4E53-45C6-9BDF-3C49135D7180}.Debug|x86.ActiveCfg = Debug|Win32
		{843AAE2D-4E53-45C6-9BDF-3C49135D7180}.Debug|x86.Build.0 = Debug|Win32
		{843AAE2D-4E53-45C6-9BDF-3C49135D7180}.Release|x64.ActiveCfg = Release|x64
		{843AAE2D-4E53-45C6-9BDF-3C49135D7180}.Release|x64.Build.0 = Release|x64
		{843AAE2D-4E53-45C6-9BDF-3C49135D7180}.Release|x86.ActiveCfg = Release|Win32
		{843AAE2D-4E53-45C6-9BDF-3C49135D7180}.Release|x86.Build.0 = Release|Win32
		{274AFA4E-A487-43E0-9E65-0BAC01742E9D}.Debug|x64.ActiveCfg = Debug|x64
		{274AFA4E-A487-43E0-9E65-0BAC01742E9D}.Debug|x64.Build.0 = Debug|x64
		{274AFA4E-A487-43E0-9E65-0BAC01742E9D}.Debug|x86.ActiveCfg = Debug|Win32
		{274AFA4E-A487-43E0-9E65-0BAC01742E9D}.Debug|x86.Build.0 = Debug|Win32
		{274AFA4E-A487-43E0-9E65-0BAC01742E9D}.Release|x64.ActiveCfg = Release|x64
		{274AFA4E-A487-43E0-9E65-0BAC01742E9D}.Release|x64.Build.0 = Release|x64
		{274AFA4E-A487-43E0-9E65-0BAC01742E9D}.Release|x86.ActiveCfg = Release|Win32
		{274AFA4E-A487-43E0-9E65-0BAC01742E9D}.Release|x86.Build.0 = Release|Win32
	EndGlobalSection
	GlobalSection(SolutionProperties) = preSolution
		HideSolutionNode = FALSE
	EndGlobalSection
EndGlobal
